Microsoft Visual Studio Solution File, Format Version 12.00
# Visual Studio 2012
Project("{FAE04EC0-301F-11D3-BF4B-00C04F79EFBC}") = "sandbox", "sandbox.csproj", "{D2BE2321-A9ED-43B7-87F9-14717D044172}"
EndProject
Global
	GlobalSection(SolutionConfigurationPlatforms) = preSolution
	Debug|Any CPU = Debug|Any CPU
	ExportDebug|Any CPU = ExportDebug|Any CPU
	ExportRelease|Any CPU = ExportRelease|Any CPU
	EndGlobalSection
	GlobalSection(ProjectConfigurationPlatforms) = postSolution
		{D2BE2321-A9ED-43B7-87F9-14717D044172}.Debug|Any CPU.ActiveCfg = Debug|Any CPU
		{D2BE2321-A9ED-43B7-87F9-14717D044172}.Debug|Any CPU.Build.0 = Debug|Any CPU
		{D2BE2321-A9ED-43B7-87F9-14717D044172}.ExportDebug|Any CPU.ActiveCfg = ExportDebug|Any CPU
		{D2BE2321-A9ED-43B7-87F9-14717D044172}.ExportDebug|Any CPU.Build.0 = ExportDebug|Any CPU
		{D2BE2321-A9ED-43B7-87F9-14717D044172}.ExportRelease|Any CPU.ActiveCfg = ExportRelease|Any CPU
		{D2BE2321-A9ED-43B7-87F9-14717D044172}.ExportRelease|Any CPU.Build.0 = ExportRelease|Any CPU
	EndGlobalSection
EndGlobal
